// !$*UTF8*$!
{
	archiveVersion = 1;
	classes = {
	};
	objectVersion = 48;
	objects = {

/* Begin PBXBuildFile section */
		D59EEC38202AAB7A00891663 /* NetworkMonitor.swift in Sources */ = {isa = PBXBuildFile; fileRef = D59EEC37202AAB7A00891663 /* NetworkMonitor.swift */; };
		D59EEC3A202AABCB00891663 /* NetstatWrapper.swift in Sources */ = {isa = PBXBuildFile; fileRef = D59EEC39202AABCB00891663 /* NetstatWrapper.swift */; };
		D59EEC3C202AC19B00891663 /* NetworkMonitorView.swift in Sources */ = {isa = PBXBuildFile; fileRef = D59EEC3B202AC19B00891663 /* NetworkMonitorView.swift */; };
		D5A8EB2E202598BB006C8F06 /* AppDelegate.swift in Sources */ = {isa = PBXBuildFile; fileRef = D5A8EB2D202598BB006C8F06 /* AppDelegate.swift */; };
		D5A8EB30202598BB006C8F06 /* ViewController.swift in Sources */ = {isa = PBXBuildFile; fileRef = D5A8EB2F202598BB006C8F06 /* ViewController.swift */; };
		D5A8EB32202598BB006C8F06 /* Assets.xcassets in Resources */ = {isa = PBXBuildFile; fileRef = D5A8EB31202598BB006C8F06 /* Assets.xcassets */; };
		D5A8EB35202598BB006C8F06 /* Main.storyboard in Resources */ = {isa = PBXBuildFile; fileRef = D5A8EB33202598BB006C8F06 /* Main.storyboard */; };
/* End PBXBuildFile section */

/* Begin PBXFileReference section */
		D59EEC37202AAB7A00891663 /* NetworkMonitor.swift */ = {isa = PBXFileReference; lastKnownFileType = sourcecode.swift; path = NetworkMonitor.swift; sourceTree = "<group>"; };
		D59EEC39202AABCB00891663 /* NetstatWrapper.swift */ = {isa = PBXFileReference; lastKnownFileType = sourcecode.swift; path = NetstatWrapper.swift; sourceTree = "<group>"; };
		D59EEC3B202AC19B00891663 /* NetworkMonitorView.swift */ = {isa = PBXFileReference; lastKnownFileType = sourcecode.swift; path = NetworkMonitorView.swift; sourceTree = "<group>"; };
		D59EEC3D202BCF9000891663 /* README.md */ = {isa = PBXFileReference; lastKnownFileType = net.daringfireball.markdown; path = README.md; sourceTree = "<group>"; };
		D5A8EB2A202598BB006C8F06 /* Network Monitor Status Bar.app */ = {isa = PBXFileReference; explicitFileType = wrapper.application; includeInIndex = 0; path = "Network Monitor Status Bar.app"; sourceTree = BUILT_PRODUCTS_DIR; };
		D5A8EB2D202598BB006C8F06 /* AppDelegate.swift */ = {isa = PBXFileReference; lastKnownFileType = sourcecode.swift; path = AppDelegate.swift; sourceTree = "<group>"; };
		D5A8EB2F202598BB006C8F06 /* ViewController.swift */ = {isa = PBXFileReference; lastKnownFileType = sourcecode.swift; path = ViewController.swift; sourceTree = "<group>"; };
		D5A8EB31202598BB006C8F06 /* Assets.xcassets */ = {isa = PBXFileReference; lastKnownFileType = folder.assetcatalog; path = Assets.xcassets; sourceTree = "<group>"; };
		D5A8EB34202598BB006C8F06 /* Base */ = {isa = PBXFileReference; lastKnownFileType = file.storyboard; name = Base; path = Base.lproj/Main.storyboard; sourceTree = "<group>"; };
		D5A8EB36202598BB006C8F06 /* Info.plist */ = {isa = PBXFileReference; lastKnownFileType = text.plist.xml; path = Info.plist; sourceTree = "<group>"; };
		D5A8EB37202598BB006C8F06 /* Network_Monitor_Status_Bar.entitlements */ = {isa = PBXFileReference; lastKnownFileType = text.plist.entitlements; path = Network_Monitor_Status_Bar.entitlements; sourceTree = "<group>"; };
		D5E60D5C204399F20036D524 /* appicon.psd */ = {isa = PBXFileReference; lastKnownFileType = file; path = appicon.psd; sourceTree = "<group>"; };
/* End PBXFileReference section */

/* Begin PBXFrameworksBuildPhase section */
		D5A8EB27202598BB006C8F06 /* Frameworks */ = {
			isa = PBXFrameworksBuildPhase;
			buildActionMask = 2147483647;
			files = (
			);
			runOnlyForDeploymentPostprocessing = 0;
		};
/* End PBXFrameworksBuildPhase section */

/* Begin PBXGroup section */
		D5A8EB21202598BB006C8F06 = {
			isa = PBXGroup;
			children = (
				D59EEC3D202BCF9000891663 /* README.md */,
				D5A8EB2C202598BB006C8F06 /* Network Monitor Status Bar */,
				D5A8EB2B202598BB006C8F06 /* Products */,
			);
			sourceTree = "<group>";
		};
		D5A8EB2B202598BB006C8F06 /* Products */ = {
			isa = PBXGroup;
			children = (
				D5A8EB2A202598BB006C8F06 /* Network Monitor Status Bar.app */,
			);
			name = Products;
			sourceTree = "<group>";
		};
		D5A8EB2C202598BB006C8F06 /* Network Monitor Status Bar */ = {
			isa = PBXGroup;
			children = (
				D5E60D5B204399D20036D524 /* Additional Assets */,
				D5A8EB2D202598BB006C8F06 /* AppDelegate.swift */,
				D5A8EB2F202598BB006C8F06 /* ViewController.swift */,
				D5A8EB31202598BB006C8F06 /* Assets.xcassets */,
				D5A8EB33202598BB006C8F06 /* Main.storyboard */,
				D5A8EB36202598BB006C8F06 /* Info.plist */,
				D5A8EB37202598BB006C8F06 /* Network_Monitor_Status_Bar.entitlements */,
				D59EEC37202AAB7A00891663 /* NetworkMonitor.swift */,
				D59EEC39202AABCB00891663 /* NetstatWrapper.swift */,
				D59EEC3B202AC19B00891663 /* NetworkMonitorView.swift */,
			);
			path = "Network Monitor Status Bar";
			sourceTree = "<group>";
		};
		D5E60D5B204399D20036D524 /* Additional Assets */ = {
			isa = PBXGroup;
			children = (
				D5E60D5C204399F20036D524 /* appicon.psd */,
			);
			path = "Additional Assets";
			sourceTree = "<group>";
		};
/* End PBXGroup section */

/* Begin PBXNativeTarget section */
		D5A8EB29202598BB006C8F06 /* Network Monitor Status Bar */ = {
			isa = PBXNativeTarget;
			buildConfigurationList = D5A8EB3A202598BB006C8F06 /* Build configuration list for PBXNativeTarget "Network Monitor Status Bar" */;
			buildPhases = (
				D5A8EB26202598BB006C8F06 /* Sources */,
				D5A8EB27202598BB006C8F06 /* Frameworks */,
				D5A8EB28202598BB006C8F06 /* Resources */,
			);
			buildRules = (
			);
			dependencies = (
			);
			name = "Network Monitor Status Bar";
			productName = "Network Monitor Status Bar";
			productReference = D5A8EB2A202598BB006C8F06 /* Network Monitor Status Bar.app */;
			productType = "com.apple.product-type.application";
		};
/* End PBXNativeTarget section */

/* Begin PBXProject section */
		D5A8EB22202598BB006C8F06 /* Project object */ = {
			isa = PBXProject;
			attributes = {
				LastSwiftUpdateCheck = 0920;
				LastUpgradeCheck = 0920;
				ORGANIZATIONNAME = "David Falconer";
				TargetAttributes = {
					D5A8EB29202598BB006C8F06 = {
						CreatedOnToolsVersion = 9.2;
						ProvisioningStyle = Automatic;
					};
				};
			};
			buildConfigurationList = D5A8EB25202598BB006C8F06 /* Build configuration list for PBXProject "Network Monitor Status Bar" */;
			compatibilityVersion = "Xcode 8.0";
			developmentRegion = en;
			hasScannedForEncodings = 0;
			knownRegions = (
				en,
				Base,
			);
			mainGroup = D5A8EB21202598BB006C8F06;
			productRefGroup = D5A8EB2B202598BB006C8F06 /* Products */;
			projectDirPath = "";
			projectRoot = "";
			targets = (
				D5A8EB29202598BB006C8F06 /* Network Monitor Status Bar */,
			);
		};
/* End PBXProject section */

/* Begin PBXResourcesBuildPhase section */
		D5A8EB28202598BB006C8F06 /* Resources */ = {
			isa = PBXResourcesBuildPhase;
			buildActionMask = 2147483647;
			files = (
				D5A8EB32202598BB006C8F06 /* Assets.xcassets in Resources */,
				D5A8EB35202598BB006C8F06 /* Main.storyboard in Resources */,
			);
			runOnlyForDeploymentPostprocessing = 0;
		};
/* End PBXResourcesBuildPhase section */

/* Begin PBXSourcesBuildPhase section */
		D5A8EB26202598BB006C8F06 /* Sources */ = {
			isa = PBXSourcesBuildPhase;
			buildActionMask = 2147483647;
			files = (
				D59EEC3A202AABCB00891663 /* NetstatWrapper.swift in Sources */,
				D59EEC38202AAB7A00891663 /* NetworkMonitor.swift in Sources */,
				D5A8EB30202598BB006C8F06 /* ViewController.swift in Sources */,
				D59EEC3C202AC19B00891663 /* NetworkMonitorView.swift in Sources */,
				D5A8EB2E202598BB006C8F06 /* AppDelegate.swift in Sources */,
			);
			runOnlyForDeploymentPostprocessing = 0;
		};
/* End PBXSourcesBuildPhase section */

/* Begin PBXVariantGroup section */
		D5A8EB33202598BB006C8F06 /* Main.storyboard */ = {
			isa = PBXVariantGroup;
			children = (
				D5A8EB34202598BB006C8F06 /* Base */,
			);
			name = Main.storyboard;
			sourceTree = "<group>";
		};
/* End PBXVariantGroup section */

/* Begin XCBuildConfiguration section */
		D5A8EB38202598BB006C8F06 /* Debug */ = {
			isa = XCBuildConfiguration;
			buildSettings = {
				ALWAYS_SEARCH_USER_PATHS = NO;
				CLANG_ANALYZER_NONNULL = YES;
				CLANG_ANALYZER_NUMBER_OBJECT_CONVERSION = YES_AGGRESSIVE;
				CLANG_CXX_LANGUAGE_STANDARD = "gnu++14";
				CLANG_CXX_LIBRARY = "libc++";
				CLANG_ENABLE_MODULES = YES;
				CLANG_ENABLE_OBJC_ARC = YES;
				CLANG_WARN_BLOCK_CAPTURE_AUTORELEASING = YES;
				CLANG_WARN_BOOL_CONVERSION = YES;
				CLANG_WARN_COMMA = YES;
				CLANG_WARN_CONSTANT_CONVERSION = YES;
				CLANG_WARN_DIRECT_OBJC_ISA_USAGE = YES_ERROR;
				CLANG_WARN_DOCUMENTATION_COMMENTS = YES;
				CLANG_WARN_EMPTY_BODY = YES;
				CLANG_WARN_ENUM_CONVERSION = YES;
				CLANG_WARN_INFINITE_RECURSION = YES;
				CLANG_WARN_INT_CONVERSION = YES;
				CLANG_WARN_NON_LITERAL_NULL_CONVERSION = YES;
				CLANG_WARN_OBJC_LITERAL_CONVERSION = YES;
				CLANG_WARN_OBJC_ROOT_CLASS = YES_ERROR;
				CLANG_WARN_RANGE_LOOP_ANALYSIS = YES;
				CLANG_WARN_STRICT_PROTOTYPES = YES;
				CLANG_WARN_SUSPICIOUS_MOVE = YES;
				CLANG_WARN_UNGUARDED_AVAILABILITY = YES_AGGRESSIVE;
				CLANG_WARN_UNREACHABLE_CODE = YES;
				CLANG_WARN__DUPLICATE_METHOD_MATCH = YES;
				CODE_SIGN_IDENTITY = "-";
				COPY_PHASE_STRIP = NO;
				DEBUG_INFORMATION_FORMAT = dwarf;
				ENABLE_STRICT_OBJC_MSGSEND = YES;
				ENABLE_TESTABILITY = YES;
				GCC_C_LANGUAGE_STANDARD = gnu11;
				GCC_DYNAMIC_NO_PIC = NO;
				GCC_NO_COMMON_BLOCKS = YES;
				GCC_OPTIMIZATION_LEVEL = 0;
				GCC_PREPROCESSOR_DEFINITIONS = (
					"DEBUG=1",
					"$(inherited)",
				);
				GCC_WARN_64_TO_32_BIT_CONVERSION = YES;
				GCC_WARN_ABOUT_RETURN_TYPE = YES_ERROR;
				GCC_WARN_UNDECLARED_SELECTOR = YES;
				GCC_WARN_UNINITIALIZED_AUTOS = YES_AGGRESSIVE;
				GCC_WARN_UNUSED_FUNCTION = YES;
				GCC_WARN_UNUSED_VARIABLE = YES;
				MACOSX_DEPLOYMENT_TARGET = 10.13;
				MTL_ENABLE_DEBUG_INFO = YES;
				ONLY_ACTIVE_ARCH = YES;
				SDKROOT = macosx;
				SWIFT_ACTIVE_COMPILATION_CONDITIONS = DEBUG;
				SWIFT_OPTIMIZATION_LEVEL = "-Onone";
			};
			name = Debug;
		};
		D5A8EB39202598BB006C8F06 /* Release */ = {
			isa = XCBuildConfiguration;
			buildSettings = {
				ALWAYS_SEARCH_USER_PATHS = NO;
				CLANG_ANALYZER_NONNULL = YES;
				CLANG_ANALYZER_NUMBER_OBJECT_CONVERSION = YES_AGGRESSIVE;
				CLANG_CXX_LANGUAGE_STANDARD = "gnu++14";
				CLANG_CXX_LIBRARY = "libc++";
				CLANG_ENABLE_MODULES = YES;
				CLANG_ENABLE_OBJC_ARC = YES;
				CLANG_WARN_BLOCK_CAPTURE_AUTORELEASING = YES;
				CLANG_WARN_BOOL_CONVERSION = YES;
				CLANG_WARN_COMMA = YES;
				CLANG_WARN_CONSTANT_CONVERSION = YES;
				CLANG_WARN_DIRECT_OBJC_ISA_USAGE = YES_ERROR;
				CLANG_WARN_DOCUMENTATION_COMMENTS = YES;
				CLANG_WARN_EMPTY_BODY = YES;
				CLANG_WARN_ENUM_CONVERSION = YES;
				CLANG_WARN_INFINITE_RECURSION = YES;
				CLANG_WARN_INT_CONVERSION = YES;
				CLANG_WARN_NON_LITERAL_NULL_CONVERSION = YES;
				CLANG_WARN_OBJC_LITERAL_CONVERSION = YES;
				CLANG_WARN_OBJC_ROOT_CLASS = YES_ERROR;
				CLANG_WARN_RANGE_LOOP_ANALYSIS = YES;
				CLANG_WARN_STRICT_PROTOTYPES = YES;
				CLANG_WARN_SUSPICIOUS_MOVE = YES;
				CLANG_WARN_UNGUARDED_AVAILABILITY = YES_AGGRESSIVE;
				CLANG_WARN_UNREACHABLE_CODE = YES;
				CLANG_WARN__DUPLICATE_METHOD_MATCH = YES;
				CODE_SIGN_IDENTITY = "-";
				COPY_PHASE_STRIP = NO;
				DEBUG_INFORMATION_FORMAT = "dwarf-with-dsym";
				ENABLE_NS_ASSERTIONS = NO;
				ENABLE_STRICT_OBJC_MSGSEND = YES;
				GCC_C_LANGUAGE_STANDARD = gnu11;
				GCC_NO_COMMON_BLOCKS = YES;
				GCC_WARN_64_TO_32_BIT_CONVERSION = YES;
				GCC_WARN_ABOUT_RETURN_TYPE = YES_ERROR;
				GCC_WARN_UNDECLARED_SELECTOR = YES;
				GCC_WARN_UNINITIALIZED_AUTOS = YES_AGGRESSIVE;
				GCC_WARN_UNUSED_FUNCTION = YES;
				GCC_WARN_UNUSED_VARIABLE = YES;
				MACOSX_DEPLOYMENT_TARGET = 10.13;
				MTL_ENABLE_DEBUG_INFO = NO;
				SDKROOT = macosx;
				SWIFT_OPTIMIZATION_LEVEL = "-Owholemodule";
			};
			name = Release;
		};
		D5A8EB3B202598BB006C8F06 /* Debug */ = {
			isa = XCBuildConfiguration;
			buildSettings = {
				ASSETCATALOG_COMPILER_APPICON_NAME = AppIcon;
				CODE_SIGN_ENTITLEMENTS = "Network Monitor Status Bar/Network_Monitor_Status_Bar.entitlements";
				CODE_SIGN_STYLE = Automatic;
				COMBINE_HIDPI_IMAGES = YES;
				INFOPLIST_FILE = "Network Monitor Status Bar/Info.plist";
				LD_RUNPATH_SEARCH_PATHS = "$(inherited) @executable_path/../Frameworks";
				PRODUCT_BUNDLE_IDENTIFIER = "davehax.Network-Monitor-Status-Bar";
				PRODUCT_NAME = "$(TARGET_NAME)";
				SWIFT_VERSION = 4.0;
			};
			name = Debug;
		};
		D5A8EB3C202598BB006C8F06 /* Release */ = {
			isa = XCBuildConfiguration;
			buildSettings = {
				ASSETCATALOG_COMPILER_APPICON_NAME = AppIcon;
				CODE_SIGN_ENTITLEMENTS = "Network Monitor Status Bar/Network_Monitor_Status_Bar.entitlements";
				CODE_SIGN_STYLE = Automatic;
				COMBINE_HIDPI_IMAGES = YES;
				INFOPLIST_FILE = "Network Monitor Status Bar/Info.plist";
				LD_RUNPATH_SEARCH_PATHS = "$(inherited) @executable_path/../Frameworks";
				PRODUCT_BUNDLE_IDENTIFIER = "davehax.Network-Monitor-Status-Bar";
				PRODUCT_NAME = "$(TARGET_NAME)";
				SWIFT_VERSION = 4.0;
			};
			name = Release;
		};
/* End XCBuildConfiguration section */

/* Begin XCConfigurationList section */
		D5A8EB25202598BB006C8F06 /* Build configuration list for PBXProject "Network Monitor Status Bar" */ = {
			isa = XCConfigurationList;
			buildConfigurations = (
				D5A8EB38202598BB006C8F06 /* Debug */,
				D5A8EB39202598BB006C8F06 /* Release */,
			);
			defaultConfigurationIsVisible = 0;
			defaultConfigurationName = Release;
		};
		D5A8EB3A202598BB006C8F06 /* Build configuration list for PBXNativeTarget "Network Monitor Status Bar" */ = {
			isa = XCConfigurationList;
			buildConfigurations = (
				D5A8EB3B202598BB006C8F06 /* Debug */,
				D5A8EB3C202598BB006C8F06 /* Release */,
			);
			defaultConfigurationIsVisible = 0;
			defaultConfigurationName = Release;
		};
/* End XCConfigurationList section */
	};
	rootObject = D5A8EB22202598BB006C8F06 /* Project object */;
}
